
Microsoft Visual Studio Solution File, Format Version 12.00
# Visual Studio 15
VisualStudioVersion = 15.0.28307.1831
MinimumVisualStudioVersion = 10.0.40219.1
Project("{FAE04EC0-301F-11D3-BF4B-00C04F79EFBC}") = "Interface", "Interface\Interface.csproj", "{BDD1999A-72C3-46E2-9444-3A181F37138B}"
EndProject
Global
	GlobalSection(SolutionConfigurationPlatforms) = preSolution
		Debug|Any CPU = Debug|Any CPU
		Release|Any CPU = Release|Any CPU
	EndGlobalSection
	GlobalSection(ProjectConfigurationPlatforms) = postSolution
		{BDD1999A-72C3-46E2-9444-3A181F37138B}.Debug|Any CPU.ActiveCfg = Debug|Any CPU
		{BDD1999A-72C3-46E2-9444-3A181F37138B}.Debug|Any CPU.Build.0 = Debug|Any CPU
		{BDD1999A-72C3-46E2-9444-3A181F37138B}.Release|Any CPU.ActiveCfg = Release|Any CPU
		{BDD1999A-72C3-46E2-9444-3A181F37138B}.Release|Any CPU.Build.0 = Release|Any CPU
	EndGlobalSection
	GlobalSection(SolutionProperties) = preSolution
		HideSolutionNode = FALSE
	EndGlobalSection
	GlobalSection(ExtensibilityGlobals) = postSolution
		SolutionGuid = {7A8F2A66-DD7E-4502-AB90-CB4119038352}
	EndGlobalSection
EndGlobal
